{
    "_readme": [
        "This file locks the dependencies of your project to a known state",
        "Read more about it at https://getcomposer.org/doc/01-basic-usage.md#composer-lock-the-lock-file",
        "This file is @generated automatically"
    ],
    "hash": "58a438455febbc45ba12fd8ad7ccbf6a",
    "content-hash": "d362935d0f4ac5825a9ddb2cf100f5b4",
    "packages": [
        {
            "name": "nmred/kafka-php",
            "version": "v0.1.5",
            "source": {
                "type": "git",
                "url": "https://github.com/nmred/kafka-php.git",
                "reference": "317ad8c208684db8b9e6d2f5bf7f471e89a8b4eb"
            },
            "dist": {
                "type": "zip",
                "url": "https://api.github.com/repos/nmred/kafka-php/zipball/317ad8c208684db8b9e6d2f5bf7f471e89a8b4eb",
                "reference": "317ad8c208684db8b9e6d2f5bf7f471e89a8b4eb",
                "shasum": ""
            },
            "require": {
                "php": ">=5.3.3"
            },
            "require-dev": {
                "phpunit/phpcov": "*",
                "phpunit/phpunit": "~4.0",
                "satooshi/php-coveralls": "dev-master"
            },
            "type": "library",
            "autoload": {
                "psr-0": {
                    "Kafka\\": "src/"
                }
            },
            "notification-url": "https://packagist.org/downloads/",
            "license": [
                "BSD-3-Clause"
            ],
            "description": "Kafka client for php",
            "homepage": "http://www.swanlinux.net",
            "keywords": [
                "client",
                "kafka"
            ],
            "time": "2015-12-02 12:06:23"
        }
    ],
    "packages-dev": [],
    "aliases": [],
    "minimum-stability": "stable",
    "stability-flags": [],
    "prefer-stable": false,
    "prefer-lowest": false,
    "platform": [],
    "platform-dev": []
}
